
Microsoft Visual Studio Solution File, Format Version 12.00
# Visual Studio Version 17
VisualStudioVersion = 17.4.33205.214
MinimumVisualStudioVersion = 10.0.40219.1
Project("{FAE04EC0-301F-11D3-BF4B-00C04F79EFBC}") = "SnakeAndLadderProblem", "SnakeAndLadderProblem\SnakeAndLadderProblem.csproj", "{60E6912B-96DC-4C5E-AEDA-037F9734CE0F}"
EndProject
Global
	GlobalSection(SolutionConfigurationPlatforms) = preSolution
		Debug|Any CPU = Debug|Any CPU
		Release|Any CPU = Release|Any CPU
	EndGlobalSection
	GlobalSection(ProjectConfigurationPlatforms) = postSolution
		{60E6912B-96DC-4C5E-AEDA-037F9734CE0F}.Debug|Any CPU.ActiveCfg = Debug|Any CPU
		{60E6912B-96DC-4C5E-AEDA-037F9734CE0F}.Debug|Any CPU.Build.0 = Debug|Any CPU
		{60E6912B-96DC-4C5E-AEDA-037F9734CE0F}.Release|Any CPU.ActiveCfg = Release|Any CPU
		{60E6912B-96DC-4C5E-AEDA-037F9734CE0F}.Release|Any CPU.Build.0 = Release|Any CPU
	EndGlobalSection
	GlobalSection(SolutionProperties) = preSolution
		HideSolutionNode = FALSE
	EndGlobalSection
	GlobalSection(ExtensibilityGlobals) = postSolution
		SolutionGuid = {40F393AF-D0A3-4B80-9D4B-901C12EA3CF3}
	EndGlobalSection
EndGlobal
